
Microsoft Visual Studio Solution File, Format Version 12.00
# Visual Studio Version 17
VisualStudioVersion = 17.12.35707.178
MinimumVisualStudioVersion = 10.0.40219.1
Project("{FAE04EC0-301F-11D3-BF4B-00C04F79EFBC}") = "PROGRAMuj.Core", "PROGRAMuj.Core\PROGRAMuj.Core.csproj", "{A8A52EC4-1D52-4222-97E3-BC0307A4812A}"
EndProject
Project("{FAE04EC0-301F-11D3-BF4B-00C04F79EFBC}") = "PROGRAMuj.Infrastructure", "PROGRAMuj.Infrastructure\PROGRAMuj.Infrastructure.csproj", "{9DA4098E-A634-4717-A613-3F63A646154D}"
EndProject
Project("{FAE04EC0-301F-11D3-BF4B-00C04F79EFBC}") = "PROGRAMuj.Application", "PROGRAMuj.Application\PROGRAMuj.Application.csproj", "{4E363341-8230-4D47-81F5-2AFAC2929CFA}"
EndProject
Project("{FAE04EC0-301F-11D3-BF4B-00C04F79EFBC}") = "PROGRAMuj.Web", "PROGRAMuj.Web\PROGRAMuj.Web.csproj", "{45021565-D850-43F6-95E4-0B5A6B5BB7A7}"
EndProject
Global
	GlobalSection(SolutionConfigurationPlatforms) = preSolution
		Debug|Any CPU = Debug|Any CPU
		Debug|x64 = Debug|x64
		Debug|x86 = Debug|x86
		Release|Any CPU = Release|Any CPU
		Release|x64 = Release|x64
		Release|x86 = Release|x86
	EndGlobalSection
	GlobalSection(ProjectConfigurationPlatforms) = postSolution
		{A8A52EC4-1D52-4222-97E3-BC0307A4812A}.Debug|Any CPU.ActiveCfg = Debug|Any CPU
		{A8A52EC4-1D52-4222-97E3-BC0307A4812A}.Debug|Any CPU.Build.0 = Debug|Any CPU
		{A8A52EC4-1D52-4222-97E3-BC0307A4812A}.Debug|x64.ActiveCfg = Debug|Any CPU
		{A8A52EC4-1D52-4222-97E3-BC0307A4812A}.Debug|x64.Build.0 = Debug|Any CPU
		{A8A52EC4-1D52-4222-97E3-BC0307A4812A}.Debug|x86.ActiveCfg = Debug|Any CPU
		{A8A52EC4-1D52-4222-97E3-BC0307A4812A}.Debug|x86.Build.0 = Debug|Any CPU
		{A8A52EC4-1D52-4222-97E3-BC0307A4812A}.Release|Any CPU.ActiveCfg = Release|Any CPU
		{A8A52EC4-1D52-4222-97E3-BC0307A4812A}.Release|Any CPU.Build.0 = Release|Any CPU
		{A8A52EC4-1D52-4222-97E3-BC0307A4812A}.Release|x64.ActiveCfg = Release|Any CPU
		{A8A52EC4-1D52-4222-97E3-BC0307A4812A}.Release|x64.Build.0 = Release|Any CPU
		{A8A52EC4-1D52-4222-97E3-BC0307A4812A}.Release|x86.ActiveCfg = Release|Any CPU
		{A8A52EC4-1D52-4222-97E3-BC0307A4812A}.Release|x86.Build.0 = Release|Any CPU
		{9DA4098E-A634-4717-A613-3F63A646154D}.Debug|Any CPU.ActiveCfg = Debug|Any CPU
		{9DA4098E-A634-4717-A613-3F63A646154D}.Debug|Any CPU.Build.0 = Debug|Any CPU
		{9DA4098E-A634-4717-A613-3F63A646154D}.Debug|x64.ActiveCfg = Debug|Any CPU
		{9DA4098E-A634-4717-A613-3F63A646154D}.Debug|x64.Build.0 = Debug|Any CPU
		{9DA4098E-A634-4717-A613-3F63A646154D}.Debug|x86.ActiveCfg = Debug|Any CPU
		{9DA4098E-A634-4717-A613-3F63A646154D}.Debug|x86.Build.0 = Debug|Any CPU
		{9DA4098E-A634-4717-A613-3F63A646154D}.Release|Any CPU.ActiveCfg = Release|Any CPU
		{9DA4098E-A634-4717-A613-3F63A646154D}.Release|Any CPU.Build.0 = Release|Any CPU
		{9DA4098E-A634-4717-A613-3F63A646154D}.Release|x64.ActiveCfg = Release|Any CPU
		{9DA4098E-A634-4717-A613-3F63A646154D}.Release|x64.Build.0 = Release|Any CPU
		{9DA4098E-A634-4717-A613-3F63A646154D}.Release|x86.ActiveCfg = Release|Any CPU
		{9DA4098E-A634-4717-A613-3F63A646154D}.Release|x86.Build.0 = Release|Any CPU
		{4E363341-8230-4D47-81F5-2AFAC2929CFA}.Debug|Any CPU.ActiveCfg = Debug|Any CPU
		{4E363341-8230-4D47-81F5-2AFAC2929CFA}.Debug|Any CPU.Build.0 = Debug|Any CPU
		{4E363341-8230-4D47-81F5-2AFAC2929CFA}.Debug|x64.ActiveCfg = Debug|Any CPU
		{4E363341-8230-4D47-81F5-2AFAC2929CFA}.Debug|x64.Build.0 = Debug|Any CPU
		{4E363341-8230-4D47-81F5-2AFAC2929CFA}.Debug|x86.ActiveCfg = Debug|Any CPU
		{4E363341-8230-4D47-81F5-2AFAC2929CFA}.Debug|x86.Build.0 = Debug|Any CPU
		{4E363341-8230-4D47-81F5-2AFAC2929CFA}.Release|Any CPU.ActiveCfg = Release|Any CPU
		{4E363341-8230-4D47-81F5-2AFAC2929CFA}.Release|Any CPU.Build.0 = Release|Any CPU
		{4E363341-8230-4D47-81F5-2AFAC2929CFA}.Release|x64.ActiveCfg = Release|Any CPU
		{4E363341-8230-4D47-81F5-2AFAC2929CFA}.Release|x64.Build.0 = Release|Any CPU
		{4E363341-8230-4D47-81F5-2AFAC2929CFA}.Release|x86.ActiveCfg = Release|Any CPU
		{4E363341-8230-4D47-81F5-2AFAC2929CFA}.Release|x86.Build.0 = Release|Any CPU
		{45021565-D850-43F6-95E4-0B5A6B5BB7A7}.Debug|Any CPU.ActiveCfg = Debug|Any CPU
		{45021565-D850-43F6-95E4-0B5A6B5BB7A7}.Debug|Any CPU.Build.0 = Debug|Any CPU
		{45021565-D850-43F6-95E4-0B5A6B5BB7A7}.Debug|x64.ActiveCfg = Debug|Any CPU
		{45021565-D850-43F6-95E4-0B5A6B5BB7A7}.Debug|x64.Build.0 = Debug|Any CPU
		{45021565-D850-43F6-95E4-0B5A6B5BB7A7}.Debug|x86.ActiveCfg = Debug|Any CPU
		{45021565-D850-43F6-95E4-0B5A6B5BB7A7}.Debug|x86.Build.0 = Debug|Any CPU
		{45021565-D850-43F6-95E4-0B5A6B5BB7A7}.Release|Any CPU.ActiveCfg = Release|Any CPU
		{45021565-D850-43F6-95E4-0B5A6B5BB7A7}.Release|Any CPU.Build.0 = Release|Any CPU
		{45021565-D850-43F6-95E4-0B5A6B5BB7A7}.Release|x64.ActiveCfg = Release|Any CPU
		{45021565-D850-43F6-95E4-0B5A6B5BB7A7}.Release|x64.Build.0 = Release|Any CPU
		{45021565-D850-43F6-95E4-0B5A6B5BB7A7}.Release|x86.ActiveCfg = Release|Any CPU
		{45021565-D850-43F6-95E4-0B5A6B5BB7A7}.Release|x86.Build.0 = Release|Any CPU
	EndGlobalSection
	GlobalSection(SolutionProperties) = preSolution
		HideSolutionNode = FALSE
	EndGlobalSection
EndGlobal
